{
  "originHash" : "93cbaa48ba778b9fd2e4db80e5ed9d87d39810c0e24c9e5502ecc45779464488",
  "pins" : [
    {
      "identity" : "chat_sdk_swiftpm",
      "kind" : "remoteSourceControl",
      "location" : "https://github.com/Tencent-RTC/Chat_SDK_SwiftPM.git",
      "state" : {
        "revision" : "b7af8a5ffb915ff7e94ce21d8ab04884c8757f79",
        "version" : "8.5.6864"
      }
    },
    {
      "identity" : "professional_swiftpm",
      "kind" : "remoteSourceControl",
      "location" : "https://github.com/Tencent-RTC/Professional_SwiftPM.git",
      "state" : {
        "revision" : "3727ae0299594960b1bab1af478d675252d684fe",
        "version" : "12.5.0"
      }
    }
  ],
  "version" : 3
}
